
Microsoft Visual Studio Solution File, Format Version 12.00
# Visual Studio Version 17
VisualStudioVersion = 17.3.32922.545
MinimumVisualStudioVersion = 10.0.40219.1
Project("{9A19103F-16F7-4668-BE54-9A1E7A4F7556}") = "ShuffleNet", "ShuffleNet.csproj", "{38FD5ED8-3E91-4A61-B86E-565E9F16BB18}"
EndProject
Project("{FAE04EC0-301F-11D3-BF4B-00C04F79EFBC}") = "WpfApp", "..\WpfApp\WpfApp.csproj", "{63A90333-BB0F-474F-8F9B-80EBBE68105E}"
EndProject
Global
	GlobalSection(SolutionConfigurationPlatforms) = preSolution
		Debug|Any CPU = Debug|Any CPU
		Release|Any CPU = Release|Any CPU
	EndGlobalSection
	GlobalSection(ProjectConfigurationPlatforms) = postSolution
		{38FD5ED8-3E91-4A61-B86E-565E9F16BB18}.Debug|Any CPU.ActiveCfg = Debug|Any CPU
		{38FD5ED8-3E91-4A61-B86E-565E9F16BB18}.Debug|Any CPU.Build.0 = Debug|Any CPU
		{38FD5ED8-3E91-4A61-B86E-565E9F16BB18}.Release|Any CPU.ActiveCfg = Release|Any CPU
		{38FD5ED8-3E91-4A61-B86E-565E9F16BB18}.Release|Any CPU.Build.0 = Release|Any CPU
		{63A90333-BB0F-474F-8F9B-80EBBE68105E}.Debug|Any CPU.ActiveCfg = Debug|Any CPU
		{63A90333-BB0F-474F-8F9B-80EBBE68105E}.Debug|Any CPU.Build.0 = Debug|Any CPU
		{63A90333-BB0F-474F-8F9B-80EBBE68105E}.Release|Any CPU.ActiveCfg = Release|Any CPU
		{63A90333-BB0F-474F-8F9B-80EBBE68105E}.Release|Any CPU.Build.0 = Release|Any CPU
	EndGlobalSection
	GlobalSection(SolutionProperties) = preSolution
		HideSolutionNode = FALSE
	EndGlobalSection
	GlobalSection(ExtensibilityGlobals) = postSolution
		SolutionGuid = {F95828AC-0AC9-417D-A744-E82FAAD10C8D}
	EndGlobalSection
EndGlobal
